// !$*UTF8*$!
{
	archiveVersion = 1;
	classes = {
	};
	objectVersion = 55;
	objects = {

/* Begin PBXBuildFile section */
		752C3C2F273B11EB00C42BD6 /* PersonsListViewController.swift in Sources */ = {isa = PBXBuildFile; fileRef = 752C3C2E273B11EB00C42BD6 /* PersonsListViewController.swift */; };
		752C3C31273B18A700C42BD6 /* PersonViewController.swift in Sources */ = {isa = PBXBuildFile; fileRef = 752C3C30273B18A700C42BD6 /* PersonViewController.swift */; };
		752C3C33273B1EA400C42BD6 /* SecondPersonsListViewController.swift in Sources */ = {isa = PBXBuildFile; fileRef = 752C3C32273B1EA300C42BD6 /* SecondPersonsListViewController.swift */; };
		7553380A273AA2DD00D75052 /* AppDelegate.swift in Sources */ = {isa = PBXBuildFile; fileRef = 75533809273AA2DD00D75052 /* AppDelegate.swift */; };
		7553380C273AA2DD00D75052 /* SceneDelegate.swift in Sources */ = {isa = PBXBuildFile; fileRef = 7553380B273AA2DD00D75052 /* SceneDelegate.swift */; };
		75533811273AA2DD00D75052 /* Main.storyboard in Resources */ = {isa = PBXBuildFile; fileRef = 7553380F273AA2DD00D75052 /* Main.storyboard */; };
		75533813273AA2EA00D75052 /* Assets.xcassets in Resources */ = {isa = PBXBuildFile; fileRef = 75533812273AA2EA00D75052 /* Assets.xcassets */; };
		75533816273AA2EA00D75052 /* LaunchScreen.storyboard in Resources */ = {isa = PBXBuildFile; fileRef = 75533814273AA2EA00D75052 /* LaunchScreen.storyboard */; };
		75533823273AA3B800D75052 /* Person.swift in Sources */ = {isa = PBXBuildFile; fileRef = 75533822273AA3B700D75052 /* Person.swift */; };
		75533826273AA56700D75052 /* DataManager.swift in Sources */ = {isa = PBXBuildFile; fileRef = 75533825273AA56600D75052 /* DataManager.swift */; };
		759262FB273C5AB2002D732A /* TabBarController.swift in Sources */ = {isa = PBXBuildFile; fileRef = 759262FA273C5AB2002D732A /* TabBarController.swift */; };
/* End PBXBuildFile section */

/* Begin PBXFileReference section */
		752C3C2E273B11EB00C42BD6 /* PersonsListViewController.swift */ = {isa = PBXFileReference; lastKnownFileType = sourcecode.swift; path = PersonsListViewController.swift; sourceTree = "<group>"; };
		752C3C30273B18A700C42BD6 /* PersonViewController.swift */ = {isa = PBXFileReference; lastKnownFileType = sourcecode.swift; path = PersonViewController.swift; sourceTree = "<group>"; };
		752C3C32273B1EA300C42BD6 /* SecondPersonsListViewController.swift */ = {isa = PBXFileReference; lastKnownFileType = sourcecode.swift; path = SecondPersonsListViewController.swift; sourceTree = "<group>"; };
		75533806273AA2DD00D75052 /* HomeWork2.7.1.app */ = {isa = PBXFileReference; explicitFileType = wrapper.application; includeInIndex = 0; path = HomeWork2.7.1.app; sourceTree = BUILT_PRODUCTS_DIR; };
		75533809273AA2DD00D75052 /* AppDelegate.swift */ = {isa = PBXFileReference; lastKnownFileType = sourcecode.swift; path = AppDelegate.swift; sourceTree = "<group>"; };
		7553380B273AA2DD00D75052 /* SceneDelegate.swift */ = {isa = PBXFileReference; lastKnownFileType = sourcecode.swift; path = SceneDelegate.swift; sourceTree = "<group>"; };
		75533810273AA2DD00D75052 /* Base */ = {isa = PBXFileReference; lastKnownFileType = file.storyboard; name = Base; path = Base.lproj/Main.storyboard; sourceTree = "<group>"; };
		75533812273AA2EA00D75052 /* Assets.xcassets */ = {isa = PBXFileReference; lastKnownFileType = folder.assetcatalog; path = Assets.xcassets; sourceTree = "<group>"; };
		75533815273AA2EA00D75052 /* Base */ = {isa = PBXFileReference; lastKnownFileType = file.storyboard; name = Base; path = Base.lproj/LaunchScreen.storyboard; sourceTree = "<group>"; };
		75533817273AA2EA00D75052 /* Info.plist */ = {isa = PBXFileReference; lastKnownFileType = text.plist.xml; path = Info.plist; sourceTree = "<group>"; };
		75533822273AA3B700D75052 /* Person.swift */ = {isa = PBXFileReference; lastKnownFileType = sourcecode.swift; path = Person.swift; sourceTree = "<group>"; };
		75533825273AA56600D75052 /* DataManager.swift */ = {isa = PBXFileReference; lastKnownFileType = sourcecode.swift; path = DataManager.swift; sourceTree = "<group>"; };
		759262FA273C5AB2002D732A /* TabBarController.swift */ = {isa = PBXFileReference; lastKnownFileType = sourcecode.swift; path = TabBarController.swift; sourceTree = "<group>"; };
/* End PBXFileReference section */

/* Begin PBXFrameworksBuildPhase section */
		75533803273AA2DD00D75052 /* Frameworks */ = {
			isa = PBXFrameworksBuildPhase;
			buildActionMask = 2147483647;
			files = (
			);
			runOnlyForDeploymentPostprocessing = 0;
		};
/* End PBXFrameworksBuildPhase section */

/* Begin PBXGroup section */
		755337FD273AA2DD00D75052 = {
			isa = PBXGroup;
			children = (
				75533808273AA2DD00D75052 /* HomeWork2.7.1 */,
				75533807273AA2DD00D75052 /* Products */,
			);
			sourceTree = "<group>";
		};
		75533807273AA2DD00D75052 /* Products */ = {
			isa = PBXGroup;
			children = (
				75533806273AA2DD00D75052 /* HomeWork2.7.1.app */,
			);
			name = Products;
			sourceTree = "<group>";
		};
		75533808273AA2DD00D75052 /* HomeWork2.7.1 */ = {
			isa = PBXGroup;
			children = (
				75533824273AA4B500D75052 /* Services */,
				75533821273AA39000D75052 /* Models */,
				7553381D273AA33700D75052 /* Configs */,
				75533820273AA38400D75052 /* Controllers */,
				7553381E273AA36100D75052 /* Storyboards */,
				7553381F273AA36F00D75052 /* Resources */,
			);
			path = HomeWork2.7.1;
			sourceTree = "<group>";
		};
		7553381D273AA33700D75052 /* Configs */ = {
			isa = PBXGroup;
			children = (
				75533809273AA2DD00D75052 /* AppDelegate.swift */,
				7553380B273AA2DD00D75052 /* SceneDelegate.swift */,
				75533817273AA2EA00D75052 /* Info.plist */,
			);
			path = Configs;
			sourceTree = "<group>";
		};
		7553381E273AA36100D75052 /* Storyboards */ = {
			isa = PBXGroup;
			children = (
				7553380F273AA2DD00D75052 /* Main.storyboard */,
				75533814273AA2EA00D75052 /* LaunchScreen.storyboard */,
			);
			path = Storyboards;
			sourceTree = "<group>";
		};
		7553381F273AA36F00D75052 /* Resources */ = {
			isa = PBXGroup;
			children = (
				75533812273AA2EA00D75052 /* Assets.xcassets */,
			);
			path = Resources;
			sourceTree = "<group>";
		};
		75533820273AA38400D75052 /* Controllers */ = {
			isa = PBXGroup;
			children = (
				752C3C2E273B11EB00C42BD6 /* PersonsListViewController.swift */,
				752C3C30273B18A700C42BD6 /* PersonViewController.swift */,
				752C3C32273B1EA300C42BD6 /* SecondPersonsListViewController.swift */,
				759262FA273C5AB2002D732A /* TabBarController.swift */,
			);
			path = Controllers;
			sourceTree = "<group>";
		};
		75533821273AA39000D75052 /* Models */ = {
			isa = PBXGroup;
			children = (
				75533822273AA3B700D75052 /* Person.swift */,
			);
			path = Models;
			sourceTree = "<group>";
		};
		75533824273AA4B500D75052 /* Services */ = {
			isa = PBXGroup;
			children = (
				75533825273AA56600D75052 /* DataManager.swift */,
			);
			path = Services;
			sourceTree = "<group>";
		};
/* End PBXGroup section */

/* Begin PBXNativeTarget section */
		75533805273AA2DD00D75052 /* HomeWork2.7.1 */ = {
			isa = PBXNativeTarget;
			buildConfigurationList = 7553381A273AA2EA00D75052 /* Build configuration list for PBXNativeTarget "HomeWork2.7.1" */;
			buildPhases = (
				75533802273AA2DD00D75052 /* Sources */,
				75533803273AA2DD00D75052 /* Frameworks */,
				75533804273AA2DD00D75052 /* Resources */,
			);
			buildRules = (
			);
			dependencies = (
			);
			name = HomeWork2.7.1;
			productName = HomeWork2.7.1;
			productReference = 75533806273AA2DD00D75052 /* HomeWork2.7.1.app */;
			productType = "com.apple.product-type.application";
		};
/* End PBXNativeTarget section */

/* Begin PBXProject section */
		755337FE273AA2DD00D75052 /* Project object */ = {
			isa = PBXProject;
			attributes = {
				BuildIndependentTargetsInParallel = 1;
				LastSwiftUpdateCheck = 1300;
				LastUpgradeCheck = 1300;
				TargetAttributes = {
					75533805273AA2DD00D75052 = {
						CreatedOnToolsVersion = 13.0;
					};
				};
			};
			buildConfigurationList = 75533801273AA2DD00D75052 /* Build configuration list for PBXProject "HomeWork2.7.1" */;
			compatibilityVersion = "Xcode 13.0";
			developmentRegion = en;
			hasScannedForEncodings = 0;
			knownRegions = (
				en,
				Base,
			);
			mainGroup = 755337FD273AA2DD00D75052;
			productRefGroup = 75533807273AA2DD00D75052 /* Products */;
			projectDirPath = "";
			projectRoot = "";
			targets = (
				75533805273AA2DD00D75052 /* HomeWork2.7.1 */,
			);
		};
/* End PBXProject section */

/* Begin PBXResourcesBuildPhase section */
		75533804273AA2DD00D75052 /* Resources */ = {
			isa = PBXResourcesBuildPhase;
			buildActionMask = 2147483647;
			files = (
				75533816273AA2EA00D75052 /* LaunchScreen.storyboard in Resources */,
				75533813273AA2EA00D75052 /* Assets.xcassets in Resources */,
				75533811273AA2DD00D75052 /* Main.storyboard in Resources */,
			);
			runOnlyForDeploymentPostprocessing = 0;
		};
/* End PBXResourcesBuildPhase section */

/* Begin PBXSourcesBuildPhase section */
		75533802273AA2DD00D75052 /* Sources */ = {
			isa = PBXSourcesBuildPhase;
			buildActionMask = 2147483647;
			files = (
				75533826273AA56700D75052 /* DataManager.swift in Sources */,
				759262FB273C5AB2002D732A /* TabBarController.swift in Sources */,
				752C3C31273B18A700C42BD6 /* PersonViewController.swift in Sources */,
				752C3C2F273B11EB00C42BD6 /* PersonsListViewController.swift in Sources */,
				752C3C33273B1EA400C42BD6 /* SecondPersonsListViewController.swift in Sources */,
				7553380A273AA2DD00D75052 /* AppDelegate.swift in Sources */,
				75533823273AA3B800D75052 /* Person.swift in Sources */,
				7553380C273AA2DD00D75052 /* SceneDelegate.swift in Sources */,
			);
			runOnlyForDeploymentPostprocessing = 0;
		};
/* End PBXSourcesBuildPhase section */

/* Begin PBXVariantGroup section */
		7553380F273AA2DD00D75052 /* Main.storyboard */ = {
			isa = PBXVariantGroup;
			children = (
				75533810273AA2DD00D75052 /* Base */,
			);
			name = Main.storyboard;
			sourceTree = "<group>";
		};
		75533814273AA2EA00D75052 /* LaunchScreen.storyboard */ = {
			isa = PBXVariantGroup;
			children = (
				75533815273AA2EA00D75052 /* Base */,
			);
			name = LaunchScreen.storyboard;
			sourceTree = "<group>";
		};
/* End PBXVariantGroup section */

/* Begin XCBuildConfiguration section */
		75533818273AA2EA00D75052 /* Debug */ = {
			isa = XCBuildConfiguration;
			buildSettings = {
				ALWAYS_SEARCH_USER_PATHS = NO;
				CLANG_ANALYZER_NONNULL = YES;
				CLANG_ANALYZER_NUMBER_OBJECT_CONVERSION = YES_AGGRESSIVE;
				CLANG_CXX_LANGUAGE_STANDARD = "gnu++17";
				CLANG_CXX_LIBRARY = "libc++";
				CLANG_ENABLE_MODULES = YES;
				CLANG_ENABLE_OBJC_ARC = YES;
				CLANG_ENABLE_OBJC_WEAK = YES;
				CLANG_WARN_BLOCK_CAPTURE_AUTORELEASING = YES;
				CLANG_WARN_BOOL_CONVERSION = YES;
				CLANG_WARN_COMMA = YES;
				CLANG_WARN_CONSTANT_CONVERSION = YES;
				CLANG_WARN_DEPRECATED_OBJC_IMPLEMENTATIONS = YES;
				CLANG_WARN_DIRECT_OBJC_ISA_USAGE = YES_ERROR;
				CLANG_WARN_DOCUMENTATION_COMMENTS = YES;
				CLANG_WARN_EMPTY_BODY = YES;
				CLANG_WARN_ENUM_CONVERSION = YES;
				CLANG_WARN_INFINITE_RECURSION = YES;
				CLANG_WARN_INT_CONVERSION = YES;
				CLANG_WARN_NON_LITERAL_NULL_CONVERSION = YES;
				CLANG_WARN_OBJC_IMPLICIT_RETAIN_SELF = YES;
				CLANG_WARN_OBJC_LITERAL_CONVERSION = YES;
				CLANG_WARN_OBJC_ROOT_CLASS = YES_ERROR;
				CLANG_WARN_QUOTED_INCLUDE_IN_FRAMEWORK_HEADER = YES;
				CLANG_WARN_RANGE_LOOP_ANALYSIS = YES;
				CLANG_WARN_STRICT_PROTOTYPES = YES;
				CLANG_WARN_SUSPICIOUS_MOVE = YES;
				CLANG_WARN_UNGUARDED_AVAILABILITY = YES_AGGRESSIVE;
				CLANG_WARN_UNREACHABLE_CODE = YES;
				CLANG_WARN__DUPLICATE_METHOD_MATCH = YES;
				COPY_PHASE_STRIP = NO;
				DEBUG_INFORMATION_FORMAT = dwarf;
				ENABLE_STRICT_OBJC_MSGSEND = YES;
				ENABLE_TESTABILITY = YES;
				GCC_C_LANGUAGE_STANDARD = gnu11;
				GCC_DYNAMIC_NO_PIC = NO;
				GCC_NO_COMMON_BLOCKS = YES;
				GCC_OPTIMIZATION_LEVEL = 0;
				GCC_PREPROCESSOR_DEFINITIONS = (
					"DEBUG=1",
					"$(inherited)",
				);
				GCC_WARN_64_TO_32_BIT_CONVERSION = YES;
				GCC_WARN_ABOUT_RETURN_TYPE = YES_ERROR;
				GCC_WARN_UNDECLARED_SELECTOR = YES;
				GCC_WARN_UNINITIALIZED_AUTOS = YES_AGGRESSIVE;
				GCC_WARN_UNUSED_FUNCTION = YES;
				GCC_WARN_UNUSED_VARIABLE = YES;
				IPHONEOS_DEPLOYMENT_TARGET = 15.0;
				MTL_ENABLE_DEBUG_INFO = INCLUDE_SOURCE;
				MTL_FAST_MATH = YES;
				ONLY_ACTIVE_ARCH = YES;
				SDKROOT = iphoneos;
				SWIFT_ACTIVE_COMPILATION_CONDITIONS = DEBUG;
				SWIFT_OPTIMIZATION_LEVEL = "-Onone";
			};
			name = Debug;
		};
		75533819273AA2EA00D75052 /* Release */ = {
			isa = XCBuildConfiguration;
			buildSettings = {
				ALWAYS_SEARCH_USER_PATHS = NO;
				CLANG_ANALYZER_NONNULL = YES;
				CLANG_ANALYZER_NUMBER_OBJECT_CONVERSION = YES_AGGRESSIVE;
				CLANG_CXX_LANGUAGE_STANDARD = "gnu++17";
				CLANG_CXX_LIBRARY = "libc++";
				CLANG_ENABLE_MODULES = YES;
				CLANG_ENABLE_OBJC_ARC = YES;
				CLANG_ENABLE_OBJC_WEAK = YES;
				CLANG_WARN_BLOCK_CAPTURE_AUTORELEASING = YES;
				CLANG_WARN_BOOL_CONVERSION = YES;
				CLANG_WARN_COMMA = YES;
				CLANG_WARN_CONSTANT_CONVERSION = YES;
				CLANG_WARN_DEPRECATED_OBJC_IMPLEMENTATIONS = YES;
				CLANG_WARN_DIRECT_OBJC_ISA_USAGE = YES_ERROR;
				CLANG_WARN_DOCUMENTATION_COMMENTS = YES;
				CLANG_WARN_EMPTY_BODY = YES;
				CLANG_WARN_ENUM_CONVERSION = YES;
				CLANG_WARN_INFINITE_RECURSION = YES;
				CLANG_WARN_INT_CONVERSION = YES;
				CLANG_WARN_NON_LITERAL_NULL_CONVERSION = YES;
				CLANG_WARN_OBJC_IMPLICIT_RETAIN_SELF = YES;
				CLANG_WARN_OBJC_LITERAL_CONVERSION = YES;
				CLANG_WARN_OBJC_ROOT_CLASS = YES_ERROR;
				CLANG_WARN_QUOTED_INCLUDE_IN_FRAMEWORK_HEADER = YES;
				CLANG_WARN_RANGE_LOOP_ANALYSIS = YES;
				CLANG_WARN_STRICT_PROTOTYPES = YES;
				CLANG_WARN_SUSPICIOUS_MOVE = YES;
				CLANG_WARN_UNGUARDED_AVAILABILITY = YES_AGGRESSIVE;
				CLANG_WARN_UNREACHABLE_CODE = YES;
				CLANG_WARN__DUPLICATE_METHOD_MATCH = YES;
				COPY_PHASE_STRIP = NO;
				DEBUG_INFORMATION_FORMAT = "dwarf-with-dsym";
				ENABLE_NS_ASSERTIONS = NO;
				ENABLE_STRICT_OBJC_MSGSEND = YES;
				GCC_C_LANGUAGE_STANDARD = gnu11;
				GCC_NO_COMMON_BLOCKS = YES;
				GCC_WARN_64_TO_32_BIT_CONVERSION = YES;
				GCC_WARN_ABOUT_RETURN_TYPE = YES_ERROR;
				GCC_WARN_UNDECLARED_SELECTOR = YES;
				GCC_WARN_UNINITIALIZED_AUTOS = YES_AGGRESSIVE;
				GCC_WARN_UNUSED_FUNCTION = YES;
				GCC_WARN_UNUSED_VARIABLE = YES;
				IPHONEOS_DEPLOYMENT_TARGET = 15.0;
				MTL_ENABLE_DEBUG_INFO = NO;
				MTL_FAST_MATH = YES;
				SDKROOT = iphoneos;
				SWIFT_COMPILATION_MODE = wholemodule;
				SWIFT_OPTIMIZATION_LEVEL = "-O";
				VALIDATE_PRODUCT = YES;
			};
			name = Release;
		};
		7553381B273AA2EA00D75052 /* Debug */ = {
			isa = XCBuildConfiguration;
			buildSettings = {
				ASSETCATALOG_COMPILER_APPICON_NAME = AppIcon;
				ASSETCATALOG_COMPILER_GLOBAL_ACCENT_COLOR_NAME = AccentColor;
				CODE_SIGN_STYLE = Automatic;
				CURRENT_PROJECT_VERSION = 1;
				DEVELOPMENT_TEAM = PQJ8AC83SH;
				GENERATE_INFOPLIST_FILE = YES;
				INFOPLIST_FILE = HomeWork2.7.1/Configs/Info.plist;
				INFOPLIST_KEY_UIApplicationSupportsIndirectInputEvents = YES;
				INFOPLIST_KEY_UILaunchStoryboardName = LaunchScreen;
				INFOPLIST_KEY_UIMainStoryboardFile = Main;
				INFOPLIST_KEY_UISupportedInterfaceOrientations = UIInterfaceOrientationPortrait;
				INFOPLIST_KEY_UISupportedInterfaceOrientations_iPad = "UIInterfaceOrientationPortrait UIInterfaceOrientationPortraitUpsideDown UIInterfaceOrientationLandscapeLeft UIInterfaceOrientationLandscapeRight";
				INFOPLIST_KEY_UISupportedInterfaceOrientations_iPhone = "UIInterfaceOrientationPortrait UIInterfaceOrientationLandscapeLeft UIInterfaceOrientationLandscapeRight";
				LD_RUNPATH_SEARCH_PATHS = (
					"$(inherited)",
					"@executable_path/Frameworks",
				);
				MARKETING_VERSION = 1.0;
				PRODUCT_BUNDLE_IDENTIFIER = "com.arturanissimov.HomeWork2-7-1";
				PRODUCT_NAME = "$(TARGET_NAME)";
				SWIFT_EMIT_LOC_STRINGS = YES;
				SWIFT_VERSION = 5.0;
				TARGETED_DEVICE_FAMILY = 1;
			};
			name = Debug;
		};
		7553381C273AA2EA00D75052 /* Release */ = {
			isa = XCBuildConfiguration;
			buildSettings = {
				ASSETCATALOG_COMPILER_APPICON_NAME = AppIcon;
				ASSETCATALOG_COMPILER_GLOBAL_ACCENT_COLOR_NAME = AccentColor;
				CODE_SIGN_STYLE = Automatic;
				CURRENT_PROJECT_VERSION = 1;
				DEVELOPMENT_TEAM = PQJ8AC83SH;
				GENERATE_INFOPLIST_FILE = YES;
				INFOPLIST_FILE = HomeWork2.7.1/Configs/Info.plist;
				INFOPLIST_KEY_UIApplicationSupportsIndirectInputEvents = YES;
				INFOPLIST_KEY_UILaunchStoryboardName = LaunchScreen;
				INFOPLIST_KEY_UIMainStoryboardFile = Main;
				INFOPLIST_KEY_UISupportedInterfaceOrientations = UIInterfaceOrientationPortrait;
				INFOPLIST_KEY_UISupportedInterfaceOrientations_iPad = "UIInterfaceOrientationPortrait UIInterfaceOrientationPortraitUpsideDown UIInterfaceOrientationLandscapeLeft UIInterfaceOrientationLandscapeRight";
				INFOPLIST_KEY_UISupportedInterfaceOrientations_iPhone = "UIInterfaceOrientationPortrait UIInterfaceOrientationLandscapeLeft UIInterfaceOrientationLandscapeRight";
				LD_RUNPATH_SEARCH_PATHS = (
					"$(inherited)",
					"@executable_path/Frameworks",
				);
				MARKETING_VERSION = 1.0;
				PRODUCT_BUNDLE_IDENTIFIER = "com.arturanissimov.HomeWork2-7-1";
				PRODUCT_NAME = "$(TARGET_NAME)";
				SWIFT_EMIT_LOC_STRINGS = YES;
				SWIFT_VERSION = 5.0;
				TARGETED_DEVICE_FAMILY = 1;
			};
			name = Release;
		};
/* End XCBuildConfiguration section */

/* Begin XCConfigurationList section */
		75533801273AA2DD00D75052 /* Build configuration list for PBXProject "HomeWork2.7.1" */ = {
			isa = XCConfigurationList;
			buildConfigurations = (
				75533818273AA2EA00D75052 /* Debug */,
				75533819273AA2EA00D75052 /* Release */,
			);
			defaultConfigurationIsVisible = 0;
			defaultConfigurationName = Release;
		};
		7553381A273AA2EA00D75052 /* Build configuration list for PBXNativeTarget "HomeWork2.7.1" */ = {
			isa = XCConfigurationList;
			buildConfigurations = (
				7553381B273AA2EA00D75052 /* Debug */,
				7553381C273AA2EA00D75052 /* Release */,
			);
			defaultConfigurationIsVisible = 0;
			defaultConfigurationName = Release;
		};
/* End XCConfigurationList section */
	};
	rootObject = 755337FE273AA2DD00D75052 /* Project object */;
}
